Microsoft Visual Studio Solution File, Format Version 12.00
# Visual Studio Version 17
VisualStudioVersion = 17.5.2.0
MinimumVisualStudioVersion = 10.0.40219.1
Project("{FAE04EC0-301F-11D3-BF4B-00C04F79EFBC}") = "H3GUIAPI.API", "H3GUIAPI.API.csproj", "{D8A0A859-B80A-0ACE-426A-C621816DCA6F}"
EndProject
Global
	GlobalSection(SolutionConfigurationPlatforms) = preSolution
		Debug|Any CPU = Debug|Any CPU
		Release|Any CPU = Release|Any CPU
	EndGlobalSection
	GlobalSection(ProjectConfigurationPlatforms) = postSolution
		{D8A0A859-B80A-0ACE-426A-C621816DCA6F}.Debug|Any CPU.ActiveCfg = Debug|Any CPU
		{D8A0A859-B80A-0ACE-426A-C621816DCA6F}.Debug|Any CPU.Build.0 = Debug|Any CPU
		{D8A0A859-B80A-0ACE-426A-C621816DCA6F}.Release|Any CPU.ActiveCfg = Release|Any CPU
		{D8A0A859-B80A-0ACE-426A-C621816DCA6F}.Release|Any CPU.Build.0 = Release|Any CPU
	EndGlobalSection
	GlobalSection(SolutionProperties) = preSolution
		HideSolutionNode = FALSE
	EndGlobalSection
	GlobalSection(ExtensibilityGlobals) = postSolution
		SolutionGuid = {86A74668-1F4F-4546-BC11-99FD02F4E0A1}
	EndGlobalSection
EndGlobal
